
Microsoft Visual Studio Solution File, Format Version 12.00
# Visual Studio Version 17
VisualStudioVersion = 17.7.34202.233
MinimumVisualStudioVersion = 10.0.40219.1
Project("{9A19103F-16F7-4668-BE54-9A1E7A4F7556}") = "PharmacyCms.PL", "PharmacyCms.PL\PharmacyCms.PL.csproj", "{E94F5921-6333-41AB-91D1-F6CFD6FC67C9}"
EndProject
Project("{9A19103F-16F7-4668-BE54-9A1E7A4F7556}") = "PharmacyCms.DAL", "PharmacyCms.DAL\PharmacyCms.DAL.csproj", "{8636A0BE-3624-4B99-ABBD-E75CDE2550D0}"
EndProject
Project("{9A19103F-16F7-4668-BE54-9A1E7A4F7556}") = "PharmacyCms.BLL", "PharmacyCms.BLL\PharmacyCms.BLL.csproj", "{0B70E71B-D6D2-465A-A0E8-FBF56C1C0CFC}"
EndProject
Global
	GlobalSection(SolutionConfigurationPlatforms) = preSolution
		Debug|Any CPU = Debug|Any CPU
		Release|Any CPU = Release|Any CPU
	EndGlobalSection
	GlobalSection(ProjectConfigurationPlatforms) = postSolution
		{E94F5921-6333-41AB-91D1-F6CFD6FC67C9}.Debug|Any CPU.ActiveCfg = Debug|Any CPU
		{E94F5921-6333-41AB-91D1-F6CFD6FC67C9}.Debug|Any CPU.Build.0 = Debug|Any CPU
		{E94F5921-6333-41AB-91D1-F6CFD6FC67C9}.Release|Any CPU.ActiveCfg = Release|Any CPU
		{E94F5921-6333-41AB-91D1-F6CFD6FC67C9}.Release|Any CPU.Build.0 = Release|Any CPU
		{8636A0BE-3624-4B99-ABBD-E75CDE2550D0}.Debug|Any CPU.ActiveCfg = Debug|Any CPU
		{8636A0BE-3624-4B99-ABBD-E75CDE2550D0}.Debug|Any CPU.Build.0 = Debug|Any CPU
		{8636A0BE-3624-4B99-ABBD-E75CDE2550D0}.Release|Any CPU.ActiveCfg = Release|Any CPU
		{8636A0BE-3624-4B99-ABBD-E75CDE2550D0}.Release|Any CPU.Build.0 = Release|Any CPU
		{0B70E71B-D6D2-465A-A0E8-FBF56C1C0CFC}.Debug|Any CPU.ActiveCfg = Debug|Any CPU
		{0B70E71B-D6D2-465A-A0E8-FBF56C1C0CFC}.Debug|Any CPU.Build.0 = Debug|Any CPU
		{0B70E71B-D6D2-465A-A0E8-FBF56C1C0CFC}.Release|Any CPU.ActiveCfg = Release|Any CPU
		{0B70E71B-D6D2-465A-A0E8-FBF56C1C0CFC}.Release|Any CPU.Build.0 = Release|Any CPU
	EndGlobalSection
	GlobalSection(SolutionProperties) = preSolution
		HideSolutionNode = FALSE
	EndGlobalSection
	GlobalSection(ExtensibilityGlobals) = postSolution
		SolutionGuid = {9271E99C-5FE7-408F-B8B0-32AB121B605D}
	EndGlobalSection
EndGlobal
